// !$*UTF8*$!
{
	archiveVersion = 1;
	classes = {
	};
	objectVersion = 50;
	objects = {

/* Begin PBXBuildFile section */
		4B297098255716070042EBCB /* Footer.swift in Sources */ = {isa = PBXBuildFile; fileRef = 4B297097255716070042EBCB /* Footer.swift */; };
		4B473708250D83C1001BB7D8 /* Living_DexApp.swift in Sources */ = {isa = PBXBuildFile; fileRef = 4B473707250D83C1001BB7D8 /* Living_DexApp.swift */; };
		4B47370C250D83C1001BB7D8 /* Assets.xcassets in Resources */ = {isa = PBXBuildFile; fileRef = 4B47370B250D83C1001BB7D8 /* Assets.xcassets */; };
		4B47370F250D83C1001BB7D8 /* Preview Assets.xcassets in Resources */ = {isa = PBXBuildFile; fileRef = 4B47370E250D83C1001BB7D8 /* Preview Assets.xcassets */; };
		4B6D3E6D2516B615001B17A3 /* Header.swift in Sources */ = {isa = PBXBuildFile; fileRef = 4B6D3E6C2516B615001B17A3 /* Header.swift */; };
		4B6D3E712516B85D001B17A3 /* ContentView.swift in Sources */ = {isa = PBXBuildFile; fileRef = 4B6D3E702516B85D001B17A3 /* ContentView.swift */; };
		4B93CB25250D8437007A162C /* Pokemon.swift in Sources */ = {isa = PBXBuildFile; fileRef = 4B93CB24250D8437007A162C /* Pokemon.swift */; };
		4B93CB27250D84A0007A162C /* PokemonProvider.swift in Sources */ = {isa = PBXBuildFile; fileRef = 4B93CB26250D84A0007A162C /* PokemonProvider.swift */; };
		4B93CB29250D84ED007A162C /* DemoPokemonProvider.swift in Sources */ = {isa = PBXBuildFile; fileRef = 4B93CB28250D84ED007A162C /* DemoPokemonProvider.swift */; };
		4B93CB2E250D85B2007A162C /* DexEntry.swift in Sources */ = {isa = PBXBuildFile; fileRef = 4B93CB2D250D85B2007A162C /* DexEntry.swift */; };
		4B93CB30250D8610007A162C /* DexView.swift in Sources */ = {isa = PBXBuildFile; fileRef = 4B93CB2F250D8610007A162C /* DexView.swift */; };
		4B93CB39250D89CF007A162C /* Thumbnails.xcassets in Resources */ = {isa = PBXBuildFile; fileRef = 4B93CB38250D89CF007A162C /* Thumbnails.xcassets */; };
		4B93CB42250D9B5B007A162C /* CaughtPokemon.swift in Sources */ = {isa = PBXBuildFile; fileRef = 4B93CB41250D9B5B007A162C /* CaughtPokemon.swift */; };
		4B93CB44250DA46B007A162C /* Thumbnail.swift in Sources */ = {isa = PBXBuildFile; fileRef = 4B93CB43250DA46B007A162C /* Thumbnail.swift */; };
		4BBF0190251673C30029AF93 /* DexCell.swift in Sources */ = {isa = PBXBuildFile; fileRef = 4BBF018F251673C30029AF93 /* DexCell.swift */; };
		4BBF0195251682E80029AF93 /* FanzeyiProvider.swift in Sources */ = {isa = PBXBuildFile; fileRef = 4BBF0194251682E80029AF93 /* FanzeyiProvider.swift */; };
		4BBF0199251683260029AF93 /* Fanzeyi.xcassets in Resources */ = {isa = PBXBuildFile; fileRef = 4BBF0198251683260029AF93 /* Fanzeyi.xcassets */; };
/* End PBXBuildFile section */

/* Begin PBXFileReference section */
		4B297097255716070042EBCB /* Footer.swift */ = {isa = PBXFileReference; lastKnownFileType = sourcecode.swift; path = Footer.swift; sourceTree = "<group>"; };
		4B473704250D83C1001BB7D8 /* Living Dex.app */ = {isa = PBXFileReference; explicitFileType = wrapper.application; includeInIndex = 0; path = "Living Dex.app"; sourceTree = BUILT_PRODUCTS_DIR; };
		4B473707250D83C1001BB7D8 /* Living_DexApp.swift */ = {isa = PBXFileReference; lastKnownFileType = sourcecode.swift; path = Living_DexApp.swift; sourceTree = "<group>"; };
		4B47370B250D83C1001BB7D8 /* Assets.xcassets */ = {isa = PBXFileReference; lastKnownFileType = folder.assetcatalog; path = Assets.xcassets; sourceTree = "<group>"; };
		4B47370E250D83C1001BB7D8 /* Preview Assets.xcassets */ = {isa = PBXFileReference; lastKnownFileType = folder.assetcatalog; path = "Preview Assets.xcassets"; sourceTree = "<group>"; };
		4B473710250D83C1001BB7D8 /* Info.plist */ = {isa = PBXFileReference; lastKnownFileType = text.plist.xml; path = Info.plist; sourceTree = "<group>"; };
		4B4FCE79250EDA2100470C54 /* Living Dex.entitlements */ = {isa = PBXFileReference; lastKnownFileType = text.plist.entitlements; path = "Living Dex.entitlements"; sourceTree = "<group>"; };
		4B6D3E6C2516B615001B17A3 /* Header.swift */ = {isa = PBXFileReference; lastKnownFileType = sourcecode.swift; path = Header.swift; sourceTree = "<group>"; };
		4B6D3E702516B85D001B17A3 /* ContentView.swift */ = {isa = PBXFileReference; lastKnownFileType = sourcecode.swift; path = ContentView.swift; sourceTree = "<group>"; };
		4B93CB24250D8437007A162C /* Pokemon.swift */ = {isa = PBXFileReference; lastKnownFileType = sourcecode.swift; path = Pokemon.swift; sourceTree = "<group>"; };
		4B93CB26250D84A0007A162C /* PokemonProvider.swift */ = {isa = PBXFileReference; lastKnownFileType = sourcecode.swift; path = PokemonProvider.swift; sourceTree = "<group>"; };
		4B93CB28250D84ED007A162C /* DemoPokemonProvider.swift */ = {isa = PBXFileReference; lastKnownFileType = sourcecode.swift; path = DemoPokemonProvider.swift; sourceTree = "<group>"; };
		4B93CB2D250D85B2007A162C /* DexEntry.swift */ = {isa = PBXFileReference; lastKnownFileType = sourcecode.swift; path = DexEntry.swift; sourceTree = "<group>"; };
		4B93CB2F250D8610007A162C /* DexView.swift */ = {isa = PBXFileReference; lastKnownFileType = sourcecode.swift; path = DexView.swift; sourceTree = "<group>"; };
		4B93CB38250D89CF007A162C /* Thumbnails.xcassets */ = {isa = PBXFileReference; lastKnownFileType = folder.assetcatalog; path = Thumbnails.xcassets; sourceTree = "<group>"; };
		4B93CB41250D9B5B007A162C /* CaughtPokemon.swift */ = {isa = PBXFileReference; lastKnownFileType = sourcecode.swift; path = CaughtPokemon.swift; sourceTree = "<group>"; };
		4B93CB43250DA46B007A162C /* Thumbnail.swift */ = {isa = PBXFileReference; lastKnownFileType = sourcecode.swift; path = Thumbnail.swift; sourceTree = "<group>"; };
		4BBF018F251673C30029AF93 /* DexCell.swift */ = {isa = PBXFileReference; lastKnownFileType = sourcecode.swift; path = DexCell.swift; sourceTree = "<group>"; };
		4BBF0194251682E80029AF93 /* FanzeyiProvider.swift */ = {isa = PBXFileReference; lastKnownFileType = sourcecode.swift; path = FanzeyiProvider.swift; sourceTree = "<group>"; };
		4BBF0198251683260029AF93 /* Fanzeyi.xcassets */ = {isa = PBXFileReference; lastKnownFileType = folder.assetcatalog; path = Fanzeyi.xcassets; sourceTree = "<group>"; };
/* End PBXFileReference section */

/* Begin PBXFrameworksBuildPhase section */
		4B473701250D83C1001BB7D8 /* Frameworks */ = {
			isa = PBXFrameworksBuildPhase;
			buildActionMask = 2147483647;
			files = (
			);
			runOnlyForDeploymentPostprocessing = 0;
		};
/* End PBXFrameworksBuildPhase section */

/* Begin PBXGroup section */
		4B4736FB250D83C1001BB7D8 = {
			isa = PBXGroup;
			children = (
				4B473706250D83C1001BB7D8 /* Living Dex */,
				4B473705250D83C1001BB7D8 /* Products */,
			);
			sourceTree = "<group>";
		};
		4B473705250D83C1001BB7D8 /* Products */ = {
			isa = PBXGroup;
			children = (
				4B473704250D83C1001BB7D8 /* Living Dex.app */,
			);
			name = Products;
			sourceTree = "<group>";
		};
		4B473706250D83C1001BB7D8 /* Living Dex */ = {
			isa = PBXGroup;
			children = (
				4B6D3E6B2516B605001B17A3 /* Header */,
				4B6D3E662516B584001B17A3 /* Pokemon */,
				4B4FCE79250EDA2100470C54 /* Living Dex.entitlements */,
				4B93CB40250D9B43007A162C /* Caught Pokemon */,
				4B93CB33250D88C7007A162C /* Thumbnails */,
				4B93CB2A250D8593007A162C /* Dex View */,
				4B473707250D83C1001BB7D8 /* Living_DexApp.swift */,
				4B6D3E702516B85D001B17A3 /* ContentView.swift */,
				4B47370B250D83C1001BB7D8 /* Assets.xcassets */,
				4B473710250D83C1001BB7D8 /* Info.plist */,
				4B47370D250D83C1001BB7D8 /* Preview Content */,
			);
			path = "Living Dex";
			sourceTree = "<group>";
		};
		4B47370D250D83C1001BB7D8 /* Preview Content */ = {
			isa = PBXGroup;
			children = (
				4B47370E250D83C1001BB7D8 /* Preview Assets.xcassets */,
			);
			path = "Preview Content";
			sourceTree = "<group>";
		};
		4B6D3E662516B584001B17A3 /* Pokemon */ = {
			isa = PBXGroup;
			children = (
				4BBF0193251682C80029AF93 /* Fanzeyi Data */,
				4B93CB23250D841C007A162C /* Model */,
			);
			path = Pokemon;
			sourceTree = "<group>";
		};
		4B6D3E6B2516B605001B17A3 /* Header */ = {
			isa = PBXGroup;
			children = (
				4B6D3E6C2516B615001B17A3 /* Header.swift */,
				4B297097255716070042EBCB /* Footer.swift */,
			);
			path = Header;
			sourceTree = "<group>";
		};
		4B93CB23250D841C007A162C /* Model */ = {
			isa = PBXGroup;
			children = (
				4B93CB24250D8437007A162C /* Pokemon.swift */,
				4B93CB26250D84A0007A162C /* PokemonProvider.swift */,
				4B93CB28250D84ED007A162C /* DemoPokemonProvider.swift */,
			);
			path = Model;
			sourceTree = "<group>";
		};
		4B93CB2A250D8593007A162C /* Dex View */ = {
			isa = PBXGroup;
			children = (
				4BBF018F251673C30029AF93 /* DexCell.swift */,
				4B93CB2D250D85B2007A162C /* DexEntry.swift */,
				4B93CB2F250D8610007A162C /* DexView.swift */,
			);
			path = "Dex View";
			sourceTree = "<group>";
		};
		4B93CB33250D88C7007A162C /* Thumbnails */ = {
			isa = PBXGroup;
			children = (
				4B93CB38250D89CF007A162C /* Thumbnails.xcassets */,
				4B93CB43250DA46B007A162C /* Thumbnail.swift */,
			);
			path = Thumbnails;
			sourceTree = "<group>";
		};
		4B93CB40250D9B43007A162C /* Caught Pokemon */ = {
			isa = PBXGroup;
			children = (
				4B93CB41250D9B5B007A162C /* CaughtPokemon.swift */,
			);
			path = "Caught Pokemon";
			sourceTree = "<group>";
		};
		4BBF0193251682C80029AF93 /* Fanzeyi Data */ = {
			isa = PBXGroup;
			children = (
				4BBF0194251682E80029AF93 /* FanzeyiProvider.swift */,
				4BBF0198251683260029AF93 /* Fanzeyi.xcassets */,
			);
			path = "Fanzeyi Data";
			sourceTree = "<group>";
		};
/* End PBXGroup section */

/* Begin PBXNativeTarget section */
		4B473703250D83C1001BB7D8 /* Living Dex */ = {
			isa = PBXNativeTarget;
			buildConfigurationList = 4B473713250D83C1001BB7D8 /* Build configuration list for PBXNativeTarget "Living Dex" */;
			buildPhases = (
				4B473700250D83C1001BB7D8 /* Sources */,
				4B473701250D83C1001BB7D8 /* Frameworks */,
				4B473702250D83C1001BB7D8 /* Resources */,
			);
			buildRules = (
			);
			dependencies = (
			);
			name = "Living Dex";
			productName = "Living Dex";
			productReference = 4B473704250D83C1001BB7D8 /* Living Dex.app */;
			productType = "com.apple.product-type.application";
		};
/* End PBXNativeTarget section */

/* Begin PBXProject section */
		4B4736FC250D83C1001BB7D8 /* Project object */ = {
			isa = PBXProject;
			attributes = {
				LastSwiftUpdateCheck = 1200;
				LastUpgradeCheck = 1200;
				TargetAttributes = {
					4B473703250D83C1001BB7D8 = {
						CreatedOnToolsVersion = 12.0;
					};
				};
			};
			buildConfigurationList = 4B4736FF250D83C1001BB7D8 /* Build configuration list for PBXProject "Living Dex" */;
			compatibilityVersion = "Xcode 9.3";
			developmentRegion = en;
			hasScannedForEncodings = 0;
			knownRegions = (
				en,
				Base,
			);
			mainGroup = 4B4736FB250D83C1001BB7D8;
			productRefGroup = 4B473705250D83C1001BB7D8 /* Products */;
			projectDirPath = "";
			projectRoot = "";
			targets = (
				4B473703250D83C1001BB7D8 /* Living Dex */,
			);
		};
/* End PBXProject section */

/* Begin PBXResourcesBuildPhase section */
		4B473702250D83C1001BB7D8 /* Resources */ = {
			isa = PBXResourcesBuildPhase;
			buildActionMask = 2147483647;
			files = (
				4B47370F250D83C1001BB7D8 /* Preview Assets.xcassets in Resources */,
				4B47370C250D83C1001BB7D8 /* Assets.xcassets in Resources */,
				4BBF0199251683260029AF93 /* Fanzeyi.xcassets in Resources */,
				4B93CB39250D89CF007A162C /* Thumbnails.xcassets in Resources */,
			);
			runOnlyForDeploymentPostprocessing = 0;
		};
/* End PBXResourcesBuildPhase section */

/* Begin PBXSourcesBuildPhase section */
		4B473700250D83C1001BB7D8 /* Sources */ = {
			isa = PBXSourcesBuildPhase;
			buildActionMask = 2147483647;
			files = (
				4B93CB27250D84A0007A162C /* PokemonProvider.swift in Sources */,
				4B93CB2E250D85B2007A162C /* DexEntry.swift in Sources */,
				4B6D3E712516B85D001B17A3 /* ContentView.swift in Sources */,
				4B297098255716070042EBCB /* Footer.swift in Sources */,
				4B93CB29250D84ED007A162C /* DemoPokemonProvider.swift in Sources */,
				4B93CB30250D8610007A162C /* DexView.swift in Sources */,
				4B93CB42250D9B5B007A162C /* CaughtPokemon.swift in Sources */,
				4B6D3E6D2516B615001B17A3 /* Header.swift in Sources */,
				4B473708250D83C1001BB7D8 /* Living_DexApp.swift in Sources */,
				4B93CB25250D8437007A162C /* Pokemon.swift in Sources */,
				4B93CB44250DA46B007A162C /* Thumbnail.swift in Sources */,
				4BBF0190251673C30029AF93 /* DexCell.swift in Sources */,
				4BBF0195251682E80029AF93 /* FanzeyiProvider.swift in Sources */,
			);
			runOnlyForDeploymentPostprocessing = 0;
		};
/* End PBXSourcesBuildPhase section */

/* Begin XCBuildConfiguration section */
		4B473711250D83C1001BB7D8 /* Debug */ = {
			isa = XCBuildConfiguration;
			buildSettings = {
				ALWAYS_SEARCH_USER_PATHS = NO;
				CLANG_ANALYZER_NONNULL = YES;
				CLANG_ANALYZER_NUMBER_OBJECT_CONVERSION = YES_AGGRESSIVE;
				CLANG_CXX_LANGUAGE_STANDARD = "gnu++14";
				CLANG_CXX_LIBRARY = "libc++";
				CLANG_ENABLE_MODULES = YES;
				CLANG_ENABLE_OBJC_ARC = YES;
				CLANG_ENABLE_OBJC_WEAK = YES;
				CLANG_WARN_BLOCK_CAPTURE_AUTORELEASING = YES;
				CLANG_WARN_BOOL_CONVERSION = YES;
				CLANG_WARN_COMMA = YES;
				CLANG_WARN_CONSTANT_CONVERSION = YES;
				CLANG_WARN_DEPRECATED_OBJC_IMPLEMENTATIONS = YES;
				CLANG_WARN_DIRECT_OBJC_ISA_USAGE = YES_ERROR;
				CLANG_WARN_DOCUMENTATION_COMMENTS = YES;
				CLANG_WARN_EMPTY_BODY = YES;
				CLANG_WARN_ENUM_CONVERSION = YES;
				CLANG_WARN_INFINITE_RECURSION = YES;
				CLANG_WARN_INT_CONVERSION = YES;
				CLANG_WARN_NON_LITERAL_NULL_CONVERSION = YES;
				CLANG_WARN_OBJC_IMPLICIT_RETAIN_SELF = YES;
				CLANG_WARN_OBJC_LITERAL_CONVERSION = YES;
				CLANG_WARN_OBJC_ROOT_CLASS = YES_ERROR;
				CLANG_WARN_QUOTED_INCLUDE_IN_FRAMEWORK_HEADER = YES;
				CLANG_WARN_RANGE_LOOP_ANALYSIS = YES;
				CLANG_WARN_STRICT_PROTOTYPES = YES;
				CLANG_WARN_SUSPICIOUS_MOVE = YES;
				CLANG_WARN_UNGUARDED_AVAILABILITY = YES_AGGRESSIVE;
				CLANG_WARN_UNREACHABLE_CODE = YES;
				CLANG_WARN__DUPLICATE_METHOD_MATCH = YES;
				COPY_PHASE_STRIP = NO;
				DEBUG_INFORMATION_FORMAT = dwarf;
				ENABLE_STRICT_OBJC_MSGSEND = YES;
				ENABLE_TESTABILITY = YES;
				GCC_C_LANGUAGE_STANDARD = gnu11;
				GCC_DYNAMIC_NO_PIC = NO;
				GCC_NO_COMMON_BLOCKS = YES;
				GCC_OPTIMIZATION_LEVEL = 0;
				GCC_PREPROCESSOR_DEFINITIONS = (
					"DEBUG=1",
					"$(inherited)",
				);
				GCC_WARN_64_TO_32_BIT_CONVERSION = YES;
				GCC_WARN_ABOUT_RETURN_TYPE = YES_ERROR;
				GCC_WARN_UNDECLARED_SELECTOR = YES;
				GCC_WARN_UNINITIALIZED_AUTOS = YES_AGGRESSIVE;
				GCC_WARN_UNUSED_FUNCTION = YES;
				GCC_WARN_UNUSED_VARIABLE = YES;
				IPHONEOS_DEPLOYMENT_TARGET = 14.0;
				MTL_ENABLE_DEBUG_INFO = INCLUDE_SOURCE;
				MTL_FAST_MATH = YES;
				ONLY_ACTIVE_ARCH = YES;
				SDKROOT = iphoneos;
				SWIFT_ACTIVE_COMPILATION_CONDITIONS = DEBUG;
				SWIFT_OPTIMIZATION_LEVEL = "-Onone";
			};
			name = Debug;
		};
		4B473712250D83C1001BB7D8 /* Release */ = {
			isa = XCBuildConfiguration;
			buildSettings = {
				ALWAYS_SEARCH_USER_PATHS = NO;
				CLANG_ANALYZER_NONNULL = YES;
				CLANG_ANALYZER_NUMBER_OBJECT_CONVERSION = YES_AGGRESSIVE;
				CLANG_CXX_LANGUAGE_STANDARD = "gnu++14";
				CLANG_CXX_LIBRARY = "libc++";
				CLANG_ENABLE_MODULES = YES;
				CLANG_ENABLE_OBJC_ARC = YES;
				CLANG_ENABLE_OBJC_WEAK = YES;
				CLANG_WARN_BLOCK_CAPTURE_AUTORELEASING = YES;
				CLANG_WARN_BOOL_CONVERSION = YES;
				CLANG_WARN_COMMA = YES;
				CLANG_WARN_CONSTANT_CONVERSION = YES;
				CLANG_WARN_DEPRECATED_OBJC_IMPLEMENTATIONS = YES;
				CLANG_WARN_DIRECT_OBJC_ISA_USAGE = YES_ERROR;
				CLANG_WARN_DOCUMENTATION_COMMENTS = YES;
				CLANG_WARN_EMPTY_BODY = YES;
				CLANG_WARN_ENUM_CONVERSION = YES;
				CLANG_WARN_INFINITE_RECURSION = YES;
				CLANG_WARN_INT_CONVERSION = YES;
				CLANG_WARN_NON_LITERAL_NULL_CONVERSION = YES;
				CLANG_WARN_OBJC_IMPLICIT_RETAIN_SELF = YES;
				CLANG_WARN_OBJC_LITERAL_CONVERSION = YES;
				CLANG_WARN_OBJC_ROOT_CLASS = YES_ERROR;
				CLANG_WARN_QUOTED_INCLUDE_IN_FRAMEWORK_HEADER = YES;
				CLANG_WARN_RANGE_LOOP_ANALYSIS = YES;
				CLANG_WARN_STRICT_PROTOTYPES = YES;
				CLANG_WARN_SUSPICIOUS_MOVE = YES;
				CLANG_WARN_UNGUARDED_AVAILABILITY = YES_AGGRESSIVE;
				CLANG_WARN_UNREACHABLE_CODE = YES;
				CLANG_WARN__DUPLICATE_METHOD_MATCH = YES;
				COPY_PHASE_STRIP = NO;
				DEBUG_INFORMATION_FORMAT = "dwarf-with-dsym";
				ENABLE_NS_ASSERTIONS = NO;
				ENABLE_STRICT_OBJC_MSGSEND = YES;
				GCC_C_LANGUAGE_STANDARD = gnu11;
				GCC_NO_COMMON_BLOCKS = YES;
				GCC_WARN_64_TO_32_BIT_CONVERSION = YES;
				GCC_WARN_ABOUT_RETURN_TYPE = YES_ERROR;
				GCC_WARN_UNDECLARED_SELECTOR = YES;
				GCC_WARN_UNINITIALIZED_AUTOS = YES_AGGRESSIVE;
				GCC_WARN_UNUSED_FUNCTION = YES;
				GCC_WARN_UNUSED_VARIABLE = YES;
				IPHONEOS_DEPLOYMENT_TARGET = 14.0;
				MTL_ENABLE_DEBUG_INFO = NO;
				MTL_FAST_MATH = YES;
				SDKROOT = iphoneos;
				SWIFT_COMPILATION_MODE = wholemodule;
				SWIFT_OPTIMIZATION_LEVEL = "-O";
				VALIDATE_PRODUCT = YES;
			};
			name = Release;
		};
		4B473714250D83C1001BB7D8 /* Debug */ = {
			isa = XCBuildConfiguration;
			buildSettings = {
				ASSETCATALOG_COMPILER_APPICON_NAME = AppIcon;
				ASSETCATALOG_COMPILER_GLOBAL_ACCENT_COLOR_NAME = AccentColor;
				CODE_SIGN_ENTITLEMENTS = "Living Dex/Living Dex.entitlements";
				CODE_SIGN_STYLE = Automatic;
				DEVELOPMENT_ASSET_PATHS = "\"Living Dex/Preview Content\"";
				DEVELOPMENT_TEAM = LH8455G983;
				ENABLE_PREVIEWS = YES;
				INFOPLIST_FILE = "Living Dex/Info.plist";
				IPHONEOS_DEPLOYMENT_TARGET = 14.0;
				LD_RUNPATH_SEARCH_PATHS = (
					"$(inherited)",
					"@executable_path/Frameworks",
				);
				PRODUCT_BUNDLE_IDENTIFIER = "com.christopherfonseka.Living-Dex";
				PRODUCT_NAME = "$(TARGET_NAME)";
				SWIFT_VERSION = 5.0;
				TARGETED_DEVICE_FAMILY = "1,2";
			};
			name = Debug;
		};
		4B473715250D83C1001BB7D8 /* Release */ = {
			isa = XCBuildConfiguration;
			buildSettings = {
				ASSETCATALOG_COMPILER_APPICON_NAME = AppIcon;
				ASSETCATALOG_COMPILER_GLOBAL_ACCENT_COLOR_NAME = AccentColor;
				CODE_SIGN_ENTITLEMENTS = "Living Dex/Living Dex.entitlements";
				CODE_SIGN_STYLE = Automatic;
				DEVELOPMENT_ASSET_PATHS = "\"Living Dex/Preview Content\"";
				DEVELOPMENT_TEAM = LH8455G983;
				ENABLE_PREVIEWS = YES;
				INFOPLIST_FILE = "Living Dex/Info.plist";
				IPHONEOS_DEPLOYMENT_TARGET = 14.0;
				LD_RUNPATH_SEARCH_PATHS = (
					"$(inherited)",
					"@executable_path/Frameworks",
				);
				PRODUCT_BUNDLE_IDENTIFIER = "com.christopherfonseka.Living-Dex";
				PRODUCT_NAME = "$(TARGET_NAME)";
				SWIFT_VERSION = 5.0;
				TARGETED_DEVICE_FAMILY = "1,2";
			};
			name = Release;
		};
/* End XCBuildConfiguration section */

/* Begin XCConfigurationList section */
		4B4736FF250D83C1001BB7D8 /* Build configuration list for PBXProject "Living Dex" */ = {
			isa = XCConfigurationList;
			buildConfigurations = (
				4B473711250D83C1001BB7D8 /* Debug */,
				4B473712250D83C1001BB7D8 /* Release */,
			);
			defaultConfigurationIsVisible = 0;
			defaultConfigurationName = Release;
		};
		4B473713250D83C1001BB7D8 /* Build configuration list for PBXNativeTarget "Living Dex" */ = {
			isa = XCConfigurationList;
			buildConfigurations = (
				4B473714250D83C1001BB7D8 /* Debug */,
				4B473715250D83C1001BB7D8 /* Release */,
			);
			defaultConfigurationIsVisible = 0;
			defaultConfigurationName = Release;
		};
/* End XCConfigurationList section */
	};
	rootObject = 4B4736FC250D83C1001BB7D8 /* Project object */;
}
